// !$*UTF8*$!
{
	archiveVersion = 1;
	classes = {
	};
	objectVersion = 77;
	objects = {

/* Begin PBXBuildFile section */
		8694073C2DDDCB88004ECCA7 /* FirebaseFirestore in Frameworks */ = {isa = PBXBuildFile; productRef = 8694073B2DDDCB88004ECCA7 /* FirebaseFirestore */; };
		869F3AA62DDB6C590017102A /* FirebaseAnalytics in Frameworks */ = {isa = PBXBuildFile; productRef = 869F3AA52DDB6C590017102A /* FirebaseAnalytics */; };
		869F3AA92DDB792B0017102A /* FirebaseAuth in Frameworks */ = {isa = PBXBuildFile; productRef = 869F3AA82DDB792B0017102A /* FirebaseAuth */; };
		869F3ABB2DDBC3290017102A /* GoogleSignIn in Frameworks */ = {isa = PBXBuildFile; productRef = 869F3ABA2DDBC3290017102A /* GoogleSignIn */; };
		869F3ABD2DDBC3290017102A /* GoogleSignInSwift in Frameworks */ = {isa = PBXBuildFile; productRef = 869F3ABC2DDBC3290017102A /* GoogleSignInSwift */; };
/* End PBXBuildFile section */

/* Begin PBXContainerItemProxy section */
		869873AC2DDB4AB50075AE81 /* PBXContainerItemProxy */ = {
			isa = PBXContainerItemProxy;
			containerPortal = 869873962DDB4AB20075AE81 /* Project object */;
			proxyType = 1;
			remoteGlobalIDString = 8698739D2DDB4AB20075AE81;
			remoteInfo = Tafaron;
		};
		869873B62DDB4AB60075AE81 /* PBXContainerItemProxy */ = {
			isa = PBXContainerItemProxy;
			containerPortal = 869873962DDB4AB20075AE81 /* Project object */;
			proxyType = 1;
			remoteGlobalIDString = 8698739D2DDB4AB20075AE81;
			remoteInfo = Tafaron;
		};
/* End PBXContainerItemProxy section */

/* Begin PBXFileReference section */
		8698739E2DDB4AB20075AE81 /* Tafaron.app */ = {isa = PBXFileReference; explicitFileType = wrapper.application; includeInIndex = 0; path = Tafaron.app; sourceTree = BUILT_PRODUCTS_DIR; };
		869873AB2DDB4AB50075AE81 /* TafaronTests.xctest */ = {isa = PBXFileReference; explicitFileType = wrapper.cfbundle; includeInIndex = 0; path = TafaronTests.xctest; sourceTree = BUILT_PRODUCTS_DIR; };
		869873B52DDB4AB60075AE81 /* TafaronUITests.xctest */ = {isa = PBXFileReference; explicitFileType = wrapper.cfbundle; includeInIndex = 0; path = TafaronUITests.xctest; sourceTree = BUILT_PRODUCTS_DIR; };
		869F3AB82DDBAA840017102A /* README.md */ = {isa = PBXFileReference; lastKnownFileType = net.daringfireball.markdown; path = README.md; sourceTree = "<group>"; };
/* End PBXFileReference section */

/* Begin PBXFileSystemSynchronizedBuildFileExceptionSet section */
		869F3ABF2DDBC38D0017102A /* Exceptions for "Tafaron" folder in "Tafaron" target */ = {
			isa = PBXFileSystemSynchronizedBuildFileExceptionSet;
			membershipExceptions = (
				Info.plist,
			);
			target = 8698739D2DDB4AB20075AE81 /* Tafaron */;
		};
/* End PBXFileSystemSynchronizedBuildFileExceptionSet section */

/* Begin PBXFileSystemSynchronizedRootGroup section */
		869873A02DDB4AB20075AE81 /* Tafaron */ = {
			isa = PBXFileSystemSynchronizedRootGroup;
			exceptions = (
				869F3ABF2DDBC38D0017102A /* Exceptions for "Tafaron" folder in "Tafaron" target */,
			);
			path = Tafaron;
			sourceTree = "<group>";
		};
		869873AE2DDB4AB50075AE81 /* TafaronTests */ = {
			isa = PBXFileSystemSynchronizedRootGroup;
			path = TafaronTests;
			sourceTree = "<group>";
		};
		869873B82DDB4AB60075AE81 /* TafaronUITests */ = {
			isa = PBXFileSystemSynchronizedRootGroup;
			path = TafaronUITests;
			sourceTree = "<group>";
		};
/* End PBXFileSystemSynchronizedRootGroup section */

/* Begin PBXFrameworksBuildPhase section */
		8698739B2DDB4AB20075AE81 /* Frameworks */ = {
			isa = PBXFrameworksBuildPhase;
			buildActionMask = 2147483647;
			files = (
				869F3AA62DDB6C590017102A /* FirebaseAnalytics in Frameworks */,
				869F3AA92DDB792B0017102A /* FirebaseAuth in Frameworks */,
				869F3ABB2DDBC3290017102A /* GoogleSignIn in Frameworks */,
				8694073C2DDDCB88004ECCA7 /* FirebaseFirestore in Frameworks */,
				869F3ABD2DDBC3290017102A /* GoogleSignInSwift in Frameworks */,
			);
			runOnlyForDeploymentPostprocessing = 0;
		};
		869873A82DDB4AB50075AE81 /* Frameworks */ = {
			isa = PBXFrameworksBuildPhase;
			buildActionMask = 2147483647;
			files = (
			);
			runOnlyForDeploymentPostprocessing = 0;
		};
		869873B22DDB4AB60075AE81 /* Frameworks */ = {
			isa = PBXFrameworksBuildPhase;
			buildActionMask = 2147483647;
			files = (
			);
			runOnlyForDeploymentPostprocessing = 0;
		};
/* End PBXFrameworksBuildPhase section */

/* Begin PBXGroup section */
		869873952DDB4AB20075AE81 = {
			isa = PBXGroup;
			children = (
				869F3AB82DDBAA840017102A /* README.md */,
				869873A02DDB4AB20075AE81 /* Tafaron */,
				869873AE2DDB4AB50075AE81 /* TafaronTests */,
				869873B82DDB4AB60075AE81 /* TafaronUITests */,
				869F3AA72DDB792A0017102A /* Frameworks */,
				8698739F2DDB4AB20075AE81 /* Products */,
			);
			sourceTree = "<group>";
		};
		8698739F2DDB4AB20075AE81 /* Products */ = {
			isa = PBXGroup;
			children = (
				8698739E2DDB4AB20075AE81 /* Tafaron.app */,
				869873AB2DDB4AB50075AE81 /* TafaronTests.xctest */,
				869873B52DDB4AB60075AE81 /* TafaronUITests.xctest */,
			);
			name = Products;
			sourceTree = "<group>";
		};
		869F3AA72DDB792A0017102A /* Frameworks */ = {
			isa = PBXGroup;
			children = (
			);
			name = Frameworks;
			sourceTree = "<group>";
		};
/* End PBXGroup section */

/* Begin PBXNativeTarget section */
		8698739D2DDB4AB20075AE81 /* Tafaron */ = {
			isa = PBXNativeTarget;
			buildConfigurationList = 869873BF2DDB4AB60075AE81 /* Build configuration list for PBXNativeTarget "Tafaron" */;
			buildPhases = (
				8698739A2DDB4AB20075AE81 /* Sources */,
				8698739B2DDB4AB20075AE81 /* Frameworks */,
				8698739C2DDB4AB20075AE81 /* Resources */,
			);
			buildRules = (
			);
			dependencies = (
			);
			fileSystemSynchronizedGroups = (
				869873A02DDB4AB20075AE81 /* Tafaron */,
			);
			name = Tafaron;
			packageProductDependencies = (
				869F3AA52DDB6C590017102A /* FirebaseAnalytics */,
				869F3AA82DDB792B0017102A /* FirebaseAuth */,
				869F3ABA2DDBC3290017102A /* GoogleSignIn */,
				869F3ABC2DDBC3290017102A /* GoogleSignInSwift */,
				8694073B2DDDCB88004ECCA7 /* FirebaseFirestore */,
			);
			productName = Tafaron;
			productReference = 8698739E2DDB4AB20075AE81 /* Tafaron.app */;
			productType = "com.apple.product-type.application";
		};
		869873AA2DDB4AB50075AE81 /* TafaronTests */ = {
			isa = PBXNativeTarget;
			buildConfigurationList = 869873C22DDB4AB60075AE81 /* Build configuration list for PBXNativeTarget "TafaronTests" */;
			buildPhases = (
				869873A72DDB4AB50075AE81 /* Sources */,
				869873A82DDB4AB50075AE81 /* Frameworks */,
				869873A92DDB4AB50075AE81 /* Resources */,
			);
			buildRules = (
			);
			dependencies = (
				869873AD2DDB4AB50075AE81 /* PBXTargetDependency */,
			);
			fileSystemSynchronizedGroups = (
				869873AE2DDB4AB50075AE81 /* TafaronTests */,
			);
			name = TafaronTests;
			packageProductDependencies = (
			);
			productName = TafaronTests;
			productReference = 869873AB2DDB4AB50075AE81 /* TafaronTests.xctest */;
			productType = "com.apple.product-type.bundle.unit-test";
		};
		869873B42DDB4AB60075AE81 /* TafaronUITests */ = {
			isa = PBXNativeTarget;
			buildConfigurationList = 869873C52DDB4AB60075AE81 /* Build configuration list for PBXNativeTarget "TafaronUITests" */;
			buildPhases = (
				869873B12DDB4AB60075AE81 /* Sources */,
				869873B22DDB4AB60075AE81 /* Frameworks */,
				869873B32DDB4AB60075AE81 /* Resources */,
			);
			buildRules = (
			);
			dependencies = (
				869873B72DDB4AB60075AE81 /* PBXTargetDependency */,
			);
			fileSystemSynchronizedGroups = (
				869873B82DDB4AB60075AE81 /* TafaronUITests */,
			);
			name = TafaronUITests;
			packageProductDependencies = (
			);
			productName = TafaronUITests;
			productReference = 869873B52DDB4AB60075AE81 /* TafaronUITests.xctest */;
			productType = "com.apple.product-type.bundle.ui-testing";
		};
/* End PBXNativeTarget section */

/* Begin PBXProject section */
		869873962DDB4AB20075AE81 /* Project object */ = {
			isa = PBXProject;
			attributes = {
				BuildIndependentTargetsInParallel = 1;
				LastSwiftUpdateCheck = 1630;
				LastUpgradeCheck = 1630;
				TargetAttributes = {
					8698739D2DDB4AB20075AE81 = {
						CreatedOnToolsVersion = 16.3;
					};
					869873AA2DDB4AB50075AE81 = {
						CreatedOnToolsVersion = 16.3;
						TestTargetID = 8698739D2DDB4AB20075AE81;
					};
					869873B42DDB4AB60075AE81 = {
						CreatedOnToolsVersion = 16.3;
						TestTargetID = 8698739D2DDB4AB20075AE81;
					};
				};
			};
			buildConfigurationList = 869873992DDB4AB20075AE81 /* Build configuration list for PBXProject "Tafaron" */;
			developmentRegion = en;
			hasScannedForEncodings = 0;
			knownRegions = (
				en,
				Base,
			);
			mainGroup = 869873952DDB4AB20075AE81;
			minimizedProjectReferenceProxies = 1;
			packageReferences = (
				869F3AA42DDB6C590017102A /* XCRemoteSwiftPackageReference "firebase-ios-sdk" */,
				869F3AB92DDBC3290017102A /* XCRemoteSwiftPackageReference "GoogleSignIn-iOS" */,
			);
			preferredProjectObjectVersion = 77;
			productRefGroup = 8698739F2DDB4AB20075AE81 /* Products */;
			projectDirPath = "";
			projectRoot = "";
			targets = (
				8698739D2DDB4AB20075AE81 /* Tafaron */,
				869873AA2DDB4AB50075AE81 /* TafaronTests */,
				869873B42DDB4AB60075AE81 /* TafaronUITests */,
			);
		};
/* End PBXProject section */

/* Begin PBXResourcesBuildPhase section */
		8698739C2DDB4AB20075AE81 /* Resources */ = {
			isa = PBXResourcesBuildPhase;
			buildActionMask = 2147483647;
			files = (
			);
			runOnlyForDeploymentPostprocessing = 0;
		};
		869873A92DDB4AB50075AE81 /* Resources */ = {
			isa = PBXResourcesBuildPhase;
			buildActionMask = 2147483647;
			files = (
			);
			runOnlyForDeploymentPostprocessing = 0;
		};
		869873B32DDB4AB60075AE81 /* Resources */ = {
			isa = PBXResourcesBuildPhase;
			buildActionMask = 2147483647;
			files = (
			);
			runOnlyForDeploymentPostprocessing = 0;
		};
/* End PBXResourcesBuildPhase section */

/* Begin PBXSourcesBuildPhase section */
		8698739A2DDB4AB20075AE81 /* Sources */ = {
			isa = PBXSourcesBuildPhase;
			buildActionMask = 2147483647;
			files = (
			);
			runOnlyForDeploymentPostprocessing = 0;
		};
		869873A72DDB4AB50075AE81 /* Sources */ = {
			isa = PBXSourcesBuildPhase;
			buildActionMask = 2147483647;
			files = (
			);
			runOnlyForDeploymentPostprocessing = 0;
		};
		869873B12DDB4AB60075AE81 /* Sources */ = {
			isa = PBXSourcesBuildPhase;
			buildActionMask = 2147483647;
			files = (
			);
			runOnlyForDeploymentPostprocessing = 0;
		};
/* End PBXSourcesBuildPhase section */

/* Begin PBXTargetDependency section */
		869873AD2DDB4AB50075AE81 /* PBXTargetDependency */ = {
			isa = PBXTargetDependency;
			target = 8698739D2DDB4AB20075AE81 /* Tafaron */;
			targetProxy = 869873AC2DDB4AB50075AE81 /* PBXContainerItemProxy */;
		};
		869873B72DDB4AB60075AE81 /* PBXTargetDependency */ = {
			isa = PBXTargetDependency;
			target = 8698739D2DDB4AB20075AE81 /* Tafaron */;
			targetProxy = 869873B62DDB4AB60075AE81 /* PBXContainerItemProxy */;
		};
/* End PBXTargetDependency section */

/* Begin XCBuildConfiguration section */
		869873BD2DDB4AB60075AE81 /* Debug */ = {
			isa = XCBuildConfiguration;
			buildSettings = {
				ALWAYS_SEARCH_USER_PATHS = NO;
				ASSETCATALOG_COMPILER_GENERATE_SWIFT_ASSET_SYMBOL_EXTENSIONS = YES;
				CLANG_ANALYZER_NONNULL = YES;
				CLANG_ANALYZER_NUMBER_OBJECT_CONVERSION = YES_AGGRESSIVE;
				CLANG_CXX_LANGUAGE_STANDARD = "gnu++20";
				CLANG_ENABLE_MODULES = YES;
				CLANG_ENABLE_OBJC_ARC = YES;
				CLANG_ENABLE_OBJC_WEAK = YES;
				CLANG_WARN_BLOCK_CAPTURE_AUTORELEASING = YES;
				CLANG_WARN_BOOL_CONVERSION = YES;
				CLANG_WARN_COMMA = YES;
				CLANG_WARN_CONSTANT_CONVERSION = YES;
				CLANG_WARN_DEPRECATED_OBJC_IMPLEMENTATIONS = YES;
				CLANG_WARN_DIRECT_OBJC_ISA_USAGE = YES_ERROR;
				CLANG_WARN_DOCUMENTATION_COMMENTS = YES;
				CLANG_WARN_EMPTY_BODY = YES;
				CLANG_WARN_ENUM_CONVERSION = YES;
				CLANG_WARN_INFINITE_RECURSION = YES;
				CLANG_WARN_INT_CONVERSION = YES;
				CLANG_WARN_NON_LITERAL_NULL_CONVERSION = YES;
				CLANG_WARN_OBJC_IMPLICIT_RETAIN_SELF = YES;
				CLANG_WARN_OBJC_LITERAL_CONVERSION = YES;
				CLANG_WARN_OBJC_ROOT_CLASS = YES_ERROR;
				CLANG_WARN_QUOTED_INCLUDE_IN_FRAMEWORK_HEADER = YES;
				CLANG_WARN_RANGE_LOOP_ANALYSIS = YES;
				CLANG_WARN_STRICT_PROTOTYPES = YES;
				CLANG_WARN_SUSPICIOUS_MOVE = YES;
				CLANG_WARN_UNGUARDED_AVAILABILITY = YES_AGGRESSIVE;
				CLANG_WARN_UNREACHABLE_CODE = YES;
				CLANG_WARN__DUPLICATE_METHOD_MATCH = YES;
				COPY_PHASE_STRIP = NO;
				DEBUG_INFORMATION_FORMAT = dwarf;
				ENABLE_STRICT_OBJC_MSGSEND = YES;
				ENABLE_TESTABILITY = YES;
				ENABLE_USER_SCRIPT_SANDBOXING = YES;
				GCC_C_LANGUAGE_STANDARD = gnu17;
				GCC_DYNAMIC_NO_PIC = NO;
				GCC_NO_COMMON_BLOCKS = YES;
				GCC_OPTIMIZATION_LEVEL = 0;
				GCC_PREPROCESSOR_DEFINITIONS = (
					"DEBUG=1",
					"$(inherited)",
				);
				GCC_WARN_64_TO_32_BIT_CONVERSION = YES;
				GCC_WARN_ABOUT_RETURN_TYPE = YES_ERROR;
				GCC_WARN_UNDECLARED_SELECTOR = YES;
				GCC_WARN_UNINITIALIZED_AUTOS = YES_AGGRESSIVE;
				GCC_WARN_UNUSED_FUNCTION = YES;
				GCC_WARN_UNUSED_VARIABLE = YES;
				IPHONEOS_DEPLOYMENT_TARGET = 18.4;
				LOCALIZATION_PREFERS_STRING_CATALOGS = YES;
				MTL_ENABLE_DEBUG_INFO = INCLUDE_SOURCE;
				MTL_FAST_MATH = YES;
				ONLY_ACTIVE_ARCH = YES;
				SDKROOT = iphoneos;
				SWIFT_ACTIVE_COMPILATION_CONDITIONS = "DEBUG $(inherited)";
				SWIFT_OPTIMIZATION_LEVEL = "-Onone";
			};
			name = Debug;
		};
		869873BE2DDB4AB60075AE81 /* Release */ = {
			isa = XCBuildConfiguration;
			buildSettings = {
				ALWAYS_SEARCH_USER_PATHS = NO;
				ASSETCATALOG_COMPILER_GENERATE_SWIFT_ASSET_SYMBOL_EXTENSIONS = YES;
				CLANG_ANALYZER_NONNULL = YES;
				CLANG_ANALYZER_NUMBER_OBJECT_CONVERSION = YES_AGGRESSIVE;
				CLANG_CXX_LANGUAGE_STANDARD = "gnu++20";
				CLANG_ENABLE_MODULES = YES;
				CLANG_ENABLE_OBJC_ARC = YES;
				CLANG_ENABLE_OBJC_WEAK = YES;
				CLANG_WARN_BLOCK_CAPTURE_AUTORELEASING = YES;
				CLANG_WARN_BOOL_CONVERSION = YES;
				CLANG_WARN_COMMA = YES;
				CLANG_WARN_CONSTANT_CONVERSION = YES;
				CLANG_WARN_DEPRECATED_OBJC_IMPLEMENTATIONS = YES;
				CLANG_WARN_DIRECT_OBJC_ISA_USAGE = YES_ERROR;
				CLANG_WARN_DOCUMENTATION_COMMENTS = YES;
				CLANG_WARN_EMPTY_BODY = YES;
				CLANG_WARN_ENUM_CONVERSION = YES;
				CLANG_WARN_INFINITE_RECURSION = YES;
				CLANG_WARN_INT_CONVERSION = YES;
				CLANG_WARN_NON_LITERAL_NULL_CONVERSION = YES;
				CLANG_WARN_OBJC_IMPLICIT_RETAIN_SELF = YES;
				CLANG_WARN_OBJC_LITERAL_CONVERSION = YES;
				CLANG_WARN_OBJC_ROOT_CLASS = YES_ERROR;
				CLANG_WARN_QUOTED_INCLUDE_IN_FRAMEWORK_HEADER = YES;
				CLANG_WARN_RANGE_LOOP_ANALYSIS = YES;
				CLANG_WARN_STRICT_PROTOTYPES = YES;
				CLANG_WARN_SUSPICIOUS_MOVE = YES;
				CLANG_WARN_UNGUARDED_AVAILABILITY = YES_AGGRESSIVE;
				CLANG_WARN_UNREACHABLE_CODE = YES;
				CLANG_WARN__DUPLICATE_METHOD_MATCH = YES;
				COPY_PHASE_STRIP = NO;
				DEBUG_INFORMATION_FORMAT = "dwarf-with-dsym";
				ENABLE_NS_ASSERTIONS = NO;
				ENABLE_STRICT_OBJC_MSGSEND = YES;
				ENABLE_USER_SCRIPT_SANDBOXING = YES;
				GCC_C_LANGUAGE_STANDARD = gnu17;
				GCC_NO_COMMON_BLOCKS = YES;
				GCC_WARN_64_TO_32_BIT_CONVERSION = YES;
				GCC_WARN_ABOUT_RETURN_TYPE = YES_ERROR;
				GCC_WARN_UNDECLARED_SELECTOR = YES;
				GCC_WARN_UNINITIALIZED_AUTOS = YES_AGGRESSIVE;
				GCC_WARN_UNUSED_FUNCTION = YES;
				GCC_WARN_UNUSED_VARIABLE = YES;
				IPHONEOS_DEPLOYMENT_TARGET = 18.4;
				LOCALIZATION_PREFERS_STRING_CATALOGS = YES;
				MTL_ENABLE_DEBUG_INFO = NO;
				MTL_FAST_MATH = YES;
				SDKROOT = iphoneos;
				SWIFT_COMPILATION_MODE = wholemodule;
				VALIDATE_PRODUCT = YES;
			};
			name = Release;
		};
		869873C02DDB4AB60075AE81 /* Debug */ = {
			isa = XCBuildConfiguration;
			buildSettings = {
				ASSETCATALOG_COMPILER_APPICON_NAME = AppIcon;
				ASSETCATALOG_COMPILER_GLOBAL_ACCENT_COLOR_NAME = AccentColor;
				CODE_SIGN_STYLE = Automatic;
				CURRENT_PROJECT_VERSION = 1;
				DEVELOPMENT_TEAM = 4B44KQ5JJ4;
				ENABLE_PREVIEWS = YES;
				GENERATE_INFOPLIST_FILE = YES;
				INFOPLIST_FILE = Tafaron/Info.plist;
				INFOPLIST_KEY_UIApplicationSceneManifest_Generation = YES;
				INFOPLIST_KEY_UIApplicationSupportsIndirectInputEvents = YES;
				INFOPLIST_KEY_UILaunchScreen_Generation = YES;
				INFOPLIST_KEY_UISupportedInterfaceOrientations_iPad = "UIInterfaceOrientationPortrait UIInterfaceOrientationPortraitUpsideDown UIInterfaceOrientationLandscapeLeft UIInterfaceOrientationLandscapeRight";
				INFOPLIST_KEY_UISupportedInterfaceOrientations_iPhone = "UIInterfaceOrientationPortrait UIInterfaceOrientationLandscapeLeft UIInterfaceOrientationLandscapeRight";
				LD_RUNPATH_SEARCH_PATHS = (
					"$(inherited)",
					"@executable_path/Frameworks",
				);
				MARKETING_VERSION = 1.0;
				PRODUCT_BUNDLE_IDENTIFIER = fr.yassinlahbib.Tafaron;
				PRODUCT_NAME = "$(TARGET_NAME)";
				SWIFT_EMIT_LOC_STRINGS = YES;
				SWIFT_VERSION = 5.0;
				TARGETED_DEVICE_FAMILY = "1,2";
			};
			name = Debug;
		};
		869873C12DDB4AB60075AE81 /* Release */ = {
			isa = XCBuildConfiguration;
			buildSettings = {
				ASSETCATALOG_COMPILER_APPICON_NAME = AppIcon;
				ASSETCATALOG_COMPILER_GLOBAL_ACCENT_COLOR_NAME = AccentColor;
				CODE_SIGN_STYLE = Automatic;
				CURRENT_PROJECT_VERSION = 1;
				DEVELOPMENT_TEAM = 4B44KQ5JJ4;
				ENABLE_PREVIEWS = YES;
				GENERATE_INFOPLIST_FILE = YES;
				INFOPLIST_FILE = Tafaron/Info.plist;
				INFOPLIST_KEY_UIApplicationSceneManifest_Generation = YES;
				INFOPLIST_KEY_UIApplicationSupportsIndirectInputEvents = YES;
				INFOPLIST_KEY_UILaunchScreen_Generation = YES;
				INFOPLIST_KEY_UISupportedInterfaceOrientations_iPad = "UIInterfaceOrientationPortrait UIInterfaceOrientationPortraitUpsideDown UIInterfaceOrientationLandscapeLeft UIInterfaceOrientationLandscapeRight";
				INFOPLIST_KEY_UISupportedInterfaceOrientations_iPhone = "UIInterfaceOrientationPortrait UIInterfaceOrientationLandscapeLeft UIInterfaceOrientationLandscapeRight";
				LD_RUNPATH_SEARCH_PATHS = (
					"$(inherited)",
					"@executable_path/Frameworks",
				);
				MARKETING_VERSION = 1.0;
				PRODUCT_BUNDLE_IDENTIFIER = fr.yassinlahbib.Tafaron;
				PRODUCT_NAME = "$(TARGET_NAME)";
				SWIFT_EMIT_LOC_STRINGS = YES;
				SWIFT_VERSION = 5.0;
				TARGETED_DEVICE_FAMILY = "1,2";
			};
			name = Release;
		};
		869873C32DDB4AB60075AE81 /* Debug */ = {
			isa = XCBuildConfiguration;
			buildSettings = {
				BUNDLE_LOADER = "$(TEST_HOST)";
				CODE_SIGN_STYLE = Automatic;
				CURRENT_PROJECT_VERSION = 1;
				GENERATE_INFOPLIST_FILE = YES;
				IPHONEOS_DEPLOYMENT_TARGET = 18.4;
				MARKETING_VERSION = 1.0;
				PRODUCT_BUNDLE_IDENTIFIER = fr.yassinlahbib.TafaronTests;
				PRODUCT_NAME = "$(TARGET_NAME)";
				SWIFT_EMIT_LOC_STRINGS = NO;
				SWIFT_VERSION = 5.0;
				TARGETED_DEVICE_FAMILY = "1,2";
				TEST_HOST = "$(BUILT_PRODUCTS_DIR)/Tafaron.app/$(BUNDLE_EXECUTABLE_FOLDER_PATH)/Tafaron";
			};
			name = Debug;
		};
		869873C42DDB4AB60075AE81 /* Release */ = {
			isa = XCBuildConfiguration;
			buildSettings = {
				BUNDLE_LOADER = "$(TEST_HOST)";
				CODE_SIGN_STYLE = Automatic;
				CURRENT_PROJECT_VERSION = 1;
				GENERATE_INFOPLIST_FILE = YES;
				IPHONEOS_DEPLOYMENT_TARGET = 18.4;
				MARKETING_VERSION = 1.0;
				PRODUCT_BUNDLE_IDENTIFIER = fr.yassinlahbib.TafaronTests;
				PRODUCT_NAME = "$(TARGET_NAME)";
				SWIFT_EMIT_LOC_STRINGS = NO;
				SWIFT_VERSION = 5.0;
				TARGETED_DEVICE_FAMILY = "1,2";
				TEST_HOST = "$(BUILT_PRODUCTS_DIR)/Tafaron.app/$(BUNDLE_EXECUTABLE_FOLDER_PATH)/Tafaron";
			};
			name = Release;
		};
		869873C62DDB4AB60075AE81 /* Debug */ = {
			isa = XCBuildConfiguration;
			buildSettings = {
				CODE_SIGN_STYLE = Automatic;
				CURRENT_PROJECT_VERSION = 1;
				GENERATE_INFOPLIST_FILE = YES;
				MARKETING_VERSION = 1.0;
				PRODUCT_BUNDLE_IDENTIFIER = fr.yassinlahbib.TafaronUITests;
				PRODUCT_NAME = "$(TARGET_NAME)";
				SWIFT_EMIT_LOC_STRINGS = NO;
				SWIFT_VERSION = 5.0;
				TARGETED_DEVICE_FAMILY = "1,2";
				TEST_TARGET_NAME = Tafaron;
			};
			name = Debug;
		};
		869873C72DDB4AB60075AE81 /* Release */ = {
			isa = XCBuildConfiguration;
			buildSettings = {
				CODE_SIGN_STYLE = Automatic;
				CURRENT_PROJECT_VERSION = 1;
				GENERATE_INFOPLIST_FILE = YES;
				MARKETING_VERSION = 1.0;
				PRODUCT_BUNDLE_IDENTIFIER = fr.yassinlahbib.TafaronUITests;
				PRODUCT_NAME = "$(TARGET_NAME)";
				SWIFT_EMIT_LOC_STRINGS = NO;
				SWIFT_VERSION = 5.0;
				TARGETED_DEVICE_FAMILY = "1,2";
				TEST_TARGET_NAME = Tafaron;
			};
			name = Release;
		};
/* End XCBuildConfiguration section */

/* Begin XCConfigurationList section */
		869873992DDB4AB20075AE81 /* Build configuration list for PBXProject "Tafaron" */ = {
			isa = XCConfigurationList;
			buildConfigurations = (
				869873BD2DDB4AB60075AE81 /* Debug */,
				869873BE2DDB4AB60075AE81 /* Release */,
			);
			defaultConfigurationIsVisible = 0;
			defaultConfigurationName = Release;
		};
		869873BF2DDB4AB60075AE81 /* Build configuration list for PBXNativeTarget "Tafaron" */ = {
			isa = XCConfigurationList;
			buildConfigurations = (
				869873C02DDB4AB60075AE81 /* Debug */,
				869873C12DDB4AB60075AE81 /* Release */,
			);
			defaultConfigurationIsVisible = 0;
			defaultConfigurationName = Release;
		};
		869873C22DDB4AB60075AE81 /* Build configuration list for PBXNativeTarget "TafaronTests" */ = {
			isa = XCConfigurationList;
			buildConfigurations = (
				869873C32DDB4AB60075AE81 /* Debug */,
				869873C42DDB4AB60075AE81 /* Release */,
			);
			defaultConfigurationIsVisible = 0;
			defaultConfigurationName = Release;
		};
		869873C52DDB4AB60075AE81 /* Build configuration list for PBXNativeTarget "TafaronUITests" */ = {
			isa = XCConfigurationList;
			buildConfigurations = (
				869873C62DDB4AB60075AE81 /* Debug */,
				869873C72DDB4AB60075AE81 /* Release */,
			);
			defaultConfigurationIsVisible = 0;
			defaultConfigurationName = Release;
		};
/* End XCConfigurationList section */

/* Begin XCRemoteSwiftPackageReference section */
		869F3AA42DDB6C590017102A /* XCRemoteSwiftPackageReference "firebase-ios-sdk" */ = {
			isa = XCRemoteSwiftPackageReference;
			repositoryURL = "https://github.com/firebase/firebase-ios-sdk";
			requirement = {
				kind = upToNextMajorVersion;
				minimumVersion = 11.12.0;
			};
		};
		869F3AB92DDBC3290017102A /* XCRemoteSwiftPackageReference "GoogleSignIn-iOS" */ = {
			isa = XCRemoteSwiftPackageReference;
			repositoryURL = "https://github.com/google/GoogleSignIn-iOS.git";
			requirement = {
				kind = upToNextMajorVersion;
				minimumVersion = 8.0.0;
			};
		};
/* End XCRemoteSwiftPackageReference section */

/* Begin XCSwiftPackageProductDependency section */
		8694073B2DDDCB88004ECCA7 /* FirebaseFirestore */ = {
			isa = XCSwiftPackageProductDependency;
			package = 869F3AA42DDB6C590017102A /* XCRemoteSwiftPackageReference "firebase-ios-sdk" */;
			productName = FirebaseFirestore;
		};
		869F3AA52DDB6C590017102A /* FirebaseAnalytics */ = {
			isa = XCSwiftPackageProductDependency;
			package = 869F3AA42DDB6C590017102A /* XCRemoteSwiftPackageReference "firebase-ios-sdk" */;
			productName = FirebaseAnalytics;
		};
		869F3AA82DDB792B0017102A /* FirebaseAuth */ = {
			isa = XCSwiftPackageProductDependency;
			package = 869F3AA42DDB6C590017102A /* XCRemoteSwiftPackageReference "firebase-ios-sdk" */;
			productName = FirebaseAuth;
		};
		869F3ABA2DDBC3290017102A /* GoogleSignIn */ = {
			isa = XCSwiftPackageProductDependency;
			package = 869F3AB92DDBC3290017102A /* XCRemoteSwiftPackageReference "GoogleSignIn-iOS" */;
			productName = GoogleSignIn;
		};
		869F3ABC2DDBC3290017102A /* GoogleSignInSwift */ = {
			isa = XCSwiftPackageProductDependency;
			package = 869F3AB92DDBC3290017102A /* XCRemoteSwiftPackageReference "GoogleSignIn-iOS" */;
			productName = GoogleSignInSwift;
		};
/* End XCSwiftPackageProductDependency section */
	};
	rootObject = 869873962DDB4AB20075AE81 /* Project object */;
}
